
Microsoft Visual Studio Solution File, Format Version 12.00
# Visual Studio Version 16
VisualStudioVersion = 16.0.29215.179
MinimumVisualStudioVersion = 10.0.40219.1
Project("{9A19103F-16F7-4668-BE54-9A1E7A4F7556}") = "EliteEventAPI.Controller", "src\EliteEventAPI.Controller\EliteEventAPI.Controller.csproj", "{DFA03809-7D97-449C-9AC4-40934878F413}"
EndProject
Project("{2150E333-8FDC-42A3-9474-1A3956D46DE8}") = "Library", "Library", "{BF9E6359-9B2A-48AE-A8A1-F974BDEFDA5B}"
EndProject
Project("{9A19103F-16F7-4668-BE54-9A1E7A4F7556}") = "EliteEventAPI.Core", "src\EliteEventAPI.Core\EliteEventAPI.Core.csproj", "{13ED6BBF-C1D4-4508-B01C-638ED9823138}"
EndProject
Global
	GlobalSection(SolutionConfigurationPlatforms) = preSolution
		Debug|Any CPU = Debug|Any CPU
		Release|Any CPU = Release|Any CPU
	EndGlobalSection
	GlobalSection(ProjectConfigurationPlatforms) = postSolution
		{DFA03809-7D97-449C-9AC4-40934878F413}.Debug|Any CPU.ActiveCfg = Debug|Any CPU
		{DFA03809-7D97-449C-9AC4-40934878F413}.Debug|Any CPU.Build.0 = Debug|Any CPU
		{DFA03809-7D97-449C-9AC4-40934878F413}.Release|Any CPU.ActiveCfg = Release|Any CPU
		{DFA03809-7D97-449C-9AC4-40934878F413}.Release|Any CPU.Build.0 = Release|Any CPU
		{13ED6BBF-C1D4-4508-B01C-638ED9823138}.Debug|Any CPU.ActiveCfg = Debug|Any CPU
		{13ED6BBF-C1D4-4508-B01C-638ED9823138}.Debug|Any CPU.Build.0 = Debug|Any CPU
		{13ED6BBF-C1D4-4508-B01C-638ED9823138}.Release|Any CPU.ActiveCfg = Release|Any CPU
		{13ED6BBF-C1D4-4508-B01C-638ED9823138}.Release|Any CPU.Build.0 = Release|Any CPU
	EndGlobalSection
	GlobalSection(SolutionProperties) = preSolution
		HideSolutionNode = FALSE
	EndGlobalSection
	GlobalSection(NestedProjects) = preSolution
		{13ED6BBF-C1D4-4508-B01C-638ED9823138} = {BF9E6359-9B2A-48AE-A8A1-F974BDEFDA5B}
	EndGlobalSection
	GlobalSection(ExtensibilityGlobals) = postSolution
		SolutionGuid = {50058E59-7957-4904-B16A-C51F69B5EB02}
	EndGlobalSection
EndGlobal
